
Microsoft Visual Studio Solution File, Format Version 12.00
# Visual Studio Version 17
VisualStudioVersion = 17.13.35818.85 d17.13
MinimumVisualStudioVersion = 10.0.40219.1
Project("{FAE04EC0-301F-11D3-BF4B-00C04F79EFBC}") = "NugetGitHub.Common", "NugetGitHub.Common\NugetGitHub.Common.csproj", "{E8917925-15F5-4C51-AAE4-07E3BA7A6C5E}"
EndProject
Project("{FAE04EC0-301F-11D3-BF4B-00C04F79EFBC}") = "NugetGitHub.Common.Tests", "NugetGitHub.Common.Tests\NugetGitHub.Common.Tests.csproj", "{C409835C-8F23-4F30-86EB-1D0300867725}"
EndProject
Project("{FAE04EC0-301F-11D3-BF4B-00C04F79EFBC}") = "NugetGitHub.App", "NugetGitHub.App\NugetGitHub.App.csproj", "{B78A57A6-CB13-47D0-814C-797020CAFBCB}"
EndProject
Global
	GlobalSection(SolutionConfigurationPlatforms) = preSolution
		Debug|Any CPU = Debug|Any CPU
		Release|Any CPU = Release|Any CPU
	EndGlobalSection
	GlobalSection(ProjectConfigurationPlatforms) = postSolution
		{E8917925-15F5-4C51-AAE4-07E3BA7A6C5E}.Debug|Any CPU.ActiveCfg = Debug|Any CPU
		{E8917925-15F5-4C51-AAE4-07E3BA7A6C5E}.Debug|Any CPU.Build.0 = Debug|Any CPU
		{E8917925-15F5-4C51-AAE4-07E3BA7A6C5E}.Release|Any CPU.ActiveCfg = Release|Any CPU
		{E8917925-15F5-4C51-AAE4-07E3BA7A6C5E}.Release|Any CPU.Build.0 = Release|Any CPU
		{C409835C-8F23-4F30-86EB-1D0300867725}.Debug|Any CPU.ActiveCfg = Debug|Any CPU
		{C409835C-8F23-4F30-86EB-1D0300867725}.Debug|Any CPU.Build.0 = Debug|Any CPU
		{C409835C-8F23-4F30-86EB-1D0300867725}.Release|Any CPU.ActiveCfg = Release|Any CPU
		{C409835C-8F23-4F30-86EB-1D0300867725}.Release|Any CPU.Build.0 = Release|Any CPU
		{B78A57A6-CB13-47D0-814C-797020CAFBCB}.Debug|Any CPU.ActiveCfg = Debug|Any CPU
		{B78A57A6-CB13-47D0-814C-797020CAFBCB}.Debug|Any CPU.Build.0 = Debug|Any CPU
		{B78A57A6-CB13-47D0-814C-797020CAFBCB}.Release|Any CPU.ActiveCfg = Release|Any CPU
		{B78A57A6-CB13-47D0-814C-797020CAFBCB}.Release|Any CPU.Build.0 = Release|Any CPU
	EndGlobalSection
	GlobalSection(SolutionProperties) = preSolution
		HideSolutionNode = FALSE
	EndGlobalSection
	GlobalSection(ExtensibilityGlobals) = postSolution
		SolutionGuid = {8D31ACB2-4CA8-4ECA-94FB-E69E6AF38F18}
	EndGlobalSection
EndGlobal
